
Microsoft Visual Studio Solution File, Format Version 12.00
# Visual Studio 15
VisualStudioVersion = 15.0.28307.1259
MinimumVisualStudioVersion = 10.0.40219.1
Project("{FAE04EC0-301F-11D3-BF4B-00C04F79EFBC}") = "pract 5", "pract 5\pract 5.csproj", "{2A4F6D91-1B11-4A7D-8AAD-E7953E946583}"
EndProject
Global
	GlobalSection(SolutionConfigurationPlatforms) = preSolution
		Debug|Any CPU = Debug|Any CPU
		Release|Any CPU = Release|Any CPU
	EndGlobalSection
	GlobalSection(ProjectConfigurationPlatforms) = postSolution
		{2A4F6D91-1B11-4A7D-8AAD-E7953E946583}.Debug|Any CPU.ActiveCfg = Debug|Any CPU
		{2A4F6D91-1B11-4A7D-8AAD-E7953E946583}.Debug|Any CPU.Build.0 = Debug|Any CPU
		{2A4F6D91-1B11-4A7D-8AAD-E7953E946583}.Release|Any CPU.ActiveCfg = Release|Any CPU
		{2A4F6D91-1B11-4A7D-8AAD-E7953E946583}.Release|Any CPU.Build.0 = Release|Any CPU
	EndGlobalSection
	GlobalSection(SolutionProperties) = preSolution
		HideSolutionNode = FALSE
	EndGlobalSection
	GlobalSection(ExtensibilityGlobals) = postSolution
		SolutionGuid = {12DB0BDD-90BB-4B76-88BB-CB7BCD7FB33F}
	EndGlobalSection
EndGlobal
